// !$*UTF8*$!
{
	archiveVersion = 1;
	classes = {
	};
	objectVersion = 56;
	objects = {

/* Begin PBXBuildFile section */
		A63DE5452B28297F0091A09D /* AppDelegate.swift in Sources */ = {isa = PBXBuildFile; fileRef = A63DE5442B28297F0091A09D /* AppDelegate.swift */; };
		A63DE5472B28297F0091A09D /* SceneDelegate.swift in Sources */ = {isa = PBXBuildFile; fileRef = A63DE5462B28297F0091A09D /* SceneDelegate.swift */; };
		A63DE54C2B28297F0091A09D /* Main.storyboard in Resources */ = {isa = PBXBuildFile; fileRef = A63DE54A2B28297F0091A09D /* Main.storyboard */; };
		A63DE54E2B28297F0091A09D /* Assets.xcassets in Resources */ = {isa = PBXBuildFile; fileRef = A63DE54D2B28297F0091A09D /* Assets.xcassets */; };
		A63DE5512B28297F0091A09D /* LaunchScreen.storyboard in Resources */ = {isa = PBXBuildFile; fileRef = A63DE54F2B28297F0091A09D /* LaunchScreen.storyboard */; };
		A6BB8B562B3027D300CA297C /* ViewController3.swift in Sources */ = {isa = PBXBuildFile; fileRef = A6BB8B552B3027D300CA297C /* ViewController3.swift */; };
		A6E7EBDE2B32C585001D72D9 /* ViewController1.swift in Sources */ = {isa = PBXBuildFile; fileRef = A6E7EBDD2B32C585001D72D9 /* ViewController1.swift */; };
		A6E7EBE02B32C841001D72D9 /* HomePage.swift in Sources */ = {isa = PBXBuildFile; fileRef = A6E7EBDF2B32C841001D72D9 /* HomePage.swift */; };
		A6E7EBE22B32C8B5001D72D9 /* LoginPage.swift in Sources */ = {isa = PBXBuildFile; fileRef = A6E7EBE12B32C8B5001D72D9 /* LoginPage.swift */; };
		A6E7EBE42B32CAFE001D72D9 /* WebViewController.swift in Sources */ = {isa = PBXBuildFile; fileRef = A6E7EBE32B32CAFD001D72D9 /* WebViewController.swift */; };
/* End PBXBuildFile section */

/* Begin PBXFileReference section */
		A63DE5412B28297F0091A09D /* Yash.K.app */ = {isa = PBXFileReference; explicitFileType = wrapper.application; includeInIndex = 0; path = Yash.K.app; sourceTree = BUILT_PRODUCTS_DIR; };
		A63DE5442B28297F0091A09D /* AppDelegate.swift */ = {isa = PBXFileReference; lastKnownFileType = sourcecode.swift; path = AppDelegate.swift; sourceTree = "<group>"; };
		A63DE5462B28297F0091A09D /* SceneDelegate.swift */ = {isa = PBXFileReference; lastKnownFileType = sourcecode.swift; path = SceneDelegate.swift; sourceTree = "<group>"; };
		A63DE54B2B28297F0091A09D /* Base */ = {isa = PBXFileReference; lastKnownFileType = file.storyboard; name = Base; path = Base.lproj/Main.storyboard; sourceTree = "<group>"; };
		A63DE54D2B28297F0091A09D /* Assets.xcassets */ = {isa = PBXFileReference; lastKnownFileType = folder.assetcatalog; path = Assets.xcassets; sourceTree = "<group>"; };
		A63DE5502B28297F0091A09D /* Base */ = {isa = PBXFileReference; lastKnownFileType = file.storyboard; name = Base; path = Base.lproj/LaunchScreen.storyboard; sourceTree = "<group>"; };
		A63DE5522B28297F0091A09D /* Info.plist */ = {isa = PBXFileReference; lastKnownFileType = text.plist.xml; path = Info.plist; sourceTree = "<group>"; };
		A6BB8B552B3027D300CA297C /* ViewController3.swift */ = {isa = PBXFileReference; lastKnownFileType = sourcecode.swift; path = ViewController3.swift; sourceTree = "<group>"; };
		A6E7EBDD2B32C585001D72D9 /* ViewController1.swift */ = {isa = PBXFileReference; lastKnownFileType = sourcecode.swift; path = ViewController1.swift; sourceTree = "<group>"; };
		A6E7EBDF2B32C841001D72D9 /* HomePage.swift */ = {isa = PBXFileReference; lastKnownFileType = sourcecode.swift; path = HomePage.swift; sourceTree = "<group>"; };
		A6E7EBE12B32C8B5001D72D9 /* LoginPage.swift */ = {isa = PBXFileReference; lastKnownFileType = sourcecode.swift; path = LoginPage.swift; sourceTree = "<group>"; };
		A6E7EBE32B32CAFD001D72D9 /* WebViewController.swift */ = {isa = PBXFileReference; lastKnownFileType = sourcecode.swift; path = WebViewController.swift; sourceTree = "<group>"; };
/* End PBXFileReference section */

/* Begin PBXFrameworksBuildPhase section */
		A63DE53E2B28297F0091A09D /* Frameworks */ = {
			isa = PBXFrameworksBuildPhase;
			buildActionMask = 2147483647;
			files = (
			);
			runOnlyForDeploymentPostprocessing = 0;
		};
/* End PBXFrameworksBuildPhase section */

/* Begin PBXGroup section */
		A63DE5382B28297F0091A09D = {
			isa = PBXGroup;
			children = (
				A63DE5432B28297F0091A09D /* Yash.K */,
				A63DE5422B28297F0091A09D /* Products */,
			);
			sourceTree = "<group>";
		};
		A63DE5422B28297F0091A09D /* Products */ = {
			isa = PBXGroup;
			children = (
				A63DE5412B28297F0091A09D /* Yash.K.app */,
			);
			name = Products;
			sourceTree = "<group>";
		};
		A63DE5432B28297F0091A09D /* Yash.K */ = {
			isa = PBXGroup;
			children = (
				A63DE5442B28297F0091A09D /* AppDelegate.swift */,
				A63DE5462B28297F0091A09D /* SceneDelegate.swift */,
				A6E7EBDD2B32C585001D72D9 /* ViewController1.swift */,
				A6E7EBE32B32CAFD001D72D9 /* WebViewController.swift */,
				A6BB8B552B3027D300CA297C /* ViewController3.swift */,
				A63DE54A2B28297F0091A09D /* Main.storyboard */,
				A6E7EBE12B32C8B5001D72D9 /* LoginPage.swift */,
				A6E7EBDF2B32C841001D72D9 /* HomePage.swift */,
				A63DE54D2B28297F0091A09D /* Assets.xcassets */,
				A63DE54F2B28297F0091A09D /* LaunchScreen.storyboard */,
				A63DE5522B28297F0091A09D /* Info.plist */,
			);
			path = Yash.K;
			sourceTree = "<group>";
		};
/* End PBXGroup section */

/* Begin PBXNativeTarget section */
		A63DE5402B28297F0091A09D /* Yash.K */ = {
			isa = PBXNativeTarget;
			buildConfigurationList = A63DE5552B28297F0091A09D /* Build configuration list for PBXNativeTarget "Yash.K" */;
			buildPhases = (
				A63DE53D2B28297F0091A09D /* Sources */,
				A63DE53E2B28297F0091A09D /* Frameworks */,
				A63DE53F2B28297F0091A09D /* Resources */,
			);
			buildRules = (
			);
			dependencies = (
			);
			name = Yash.K;
			productName = Yash.K;
			productReference = A63DE5412B28297F0091A09D /* Yash.K.app */;
			productType = "com.apple.product-type.application";
		};
/* End PBXNativeTarget section */

/* Begin PBXProject section */
		A63DE5392B28297F0091A09D /* Project object */ = {
			isa = PBXProject;
			attributes = {
				BuildIndependentTargetsInParallel = 1;
				LastSwiftUpdateCheck = 1430;
				LastUpgradeCheck = 1430;
				TargetAttributes = {
					A63DE5402B28297F0091A09D = {
						CreatedOnToolsVersion = 14.3.1;
					};
				};
			};
			buildConfigurationList = A63DE53C2B28297F0091A09D /* Build configuration list for PBXProject "Yash.K" */;
			compatibilityVersion = "Xcode 14.0";
			developmentRegion = en;
			hasScannedForEncodings = 0;
			knownRegions = (
				en,
				Base,
			);
			mainGroup = A63DE5382B28297F0091A09D;
			productRefGroup = A63DE5422B28297F0091A09D /* Products */;
			projectDirPath = "";
			projectRoot = "";
			targets = (
				A63DE5402B28297F0091A09D /* Yash.K */,
			);
		};
/* End PBXProject section */

/* Begin PBXResourcesBuildPhase section */
		A63DE53F2B28297F0091A09D /* Resources */ = {
			isa = PBXResourcesBuildPhase;
			buildActionMask = 2147483647;
			files = (
				A63DE5512B28297F0091A09D /* LaunchScreen.storyboard in Resources */,
				A63DE54E2B28297F0091A09D /* Assets.xcassets in Resources */,
				A63DE54C2B28297F0091A09D /* Main.storyboard in Resources */,
			);
			runOnlyForDeploymentPostprocessing = 0;
		};
/* End PBXResourcesBuildPhase section */

/* Begin PBXSourcesBuildPhase section */
		A63DE53D2B28297F0091A09D /* Sources */ = {
			isa = PBXSourcesBuildPhase;
			buildActionMask = 2147483647;
			files = (
				A6E7EBE02B32C841001D72D9 /* HomePage.swift in Sources */,
				A6E7EBDE2B32C585001D72D9 /* ViewController1.swift in Sources */,
				A63DE5452B28297F0091A09D /* AppDelegate.swift in Sources */,
				A6BB8B562B3027D300CA297C /* ViewController3.swift in Sources */,
				A6E7EBE42B32CAFE001D72D9 /* WebViewController.swift in Sources */,
				A6E7EBE22B32C8B5001D72D9 /* LoginPage.swift in Sources */,
				A63DE5472B28297F0091A09D /* SceneDelegate.swift in Sources */,
			);
			runOnlyForDeploymentPostprocessing = 0;
		};
/* End PBXSourcesBuildPhase section */

/* Begin PBXVariantGroup section */
		A63DE54A2B28297F0091A09D /* Main.storyboard */ = {
			isa = PBXVariantGroup;
			children = (
				A63DE54B2B28297F0091A09D /* Base */,
			);
			name = Main.storyboard;
			sourceTree = "<group>";
		};
		A63DE54F2B28297F0091A09D /* LaunchScreen.storyboard */ = {
			isa = PBXVariantGroup;
			children = (
				A63DE5502B28297F0091A09D /* Base */,
			);
			name = LaunchScreen.storyboard;
			sourceTree = "<group>";
		};
/* End PBXVariantGroup section */

/* Begin XCBuildConfiguration section */
		A63DE5532B28297F0091A09D /* Debug */ = {
			isa = XCBuildConfiguration;
			buildSettings = {
				ALWAYS_SEARCH_USER_PATHS = NO;
				CLANG_ANALYZER_NONNULL = YES;
				CLANG_ANALYZER_NUMBER_OBJECT_CONVERSION = YES_AGGRESSIVE;
				CLANG_CXX_LANGUAGE_STANDARD = "gnu++20";
				CLANG_ENABLE_MODULES = YES;
				CLANG_ENABLE_OBJC_ARC = YES;
				CLANG_ENABLE_OBJC_WEAK = YES;
				CLANG_WARN_BLOCK_CAPTURE_AUTORELEASING = YES;
				CLANG_WARN_BOOL_CONVERSION = YES;
				CLANG_WARN_COMMA = YES;
				CLANG_WARN_CONSTANT_CONVERSION = YES;
				CLANG_WARN_DEPRECATED_OBJC_IMPLEMENTATIONS = YES;
				CLANG_WARN_DIRECT_OBJC_ISA_USAGE = YES_ERROR;
				CLANG_WARN_DOCUMENTATION_COMMENTS = YES;
				CLANG_WARN_EMPTY_BODY = YES;
				CLANG_WARN_ENUM_CONVERSION = YES;
				CLANG_WARN_INFINITE_RECURSION = YES;
				CLANG_WARN_INT_CONVERSION = YES;
				CLANG_WARN_NON_LITERAL_NULL_CONVERSION = YES;
				CLANG_WARN_OBJC_IMPLICIT_RETAIN_SELF = YES;
				CLANG_WARN_OBJC_LITERAL_CONVERSION = YES;
				CLANG_WARN_OBJC_ROOT_CLASS = YES_ERROR;
				CLANG_WARN_QUOTED_INCLUDE_IN_FRAMEWORK_HEADER = YES;
				CLANG_WARN_RANGE_LOOP_ANALYSIS = YES;
				CLANG_WARN_STRICT_PROTOTYPES = YES;
				CLANG_WARN_SUSPICIOUS_MOVE = YES;
				CLANG_WARN_UNGUARDED_AVAILABILITY = YES_AGGRESSIVE;
				CLANG_WARN_UNREACHABLE_CODE = YES;
				CLANG_WARN__DUPLICATE_METHOD_MATCH = YES;
				COPY_PHASE_STRIP = NO;
				DEBUG_INFORMATION_FORMAT = dwarf;
				ENABLE_STRICT_OBJC_MSGSEND = YES;
				ENABLE_TESTABILITY = YES;
				GCC_C_LANGUAGE_STANDARD = gnu11;
				GCC_DYNAMIC_NO_PIC = NO;
				GCC_NO_COMMON_BLOCKS = YES;
				GCC_OPTIMIZATION_LEVEL = 0;
				GCC_PREPROCESSOR_DEFINITIONS = (
					"DEBUG=1",
					"$(inherited)",
				);
				GCC_WARN_64_TO_32_BIT_CONVERSION = YES;
				GCC_WARN_ABOUT_RETURN_TYPE = YES_ERROR;
				GCC_WARN_UNDECLARED_SELECTOR = YES;
				GCC_WARN_UNINITIALIZED_AUTOS = YES_AGGRESSIVE;
				GCC_WARN_UNUSED_FUNCTION = YES;
				GCC_WARN_UNUSED_VARIABLE = YES;
				IPHONEOS_DEPLOYMENT_TARGET = 16.4;
				MTL_ENABLE_DEBUG_INFO = INCLUDE_SOURCE;
				MTL_FAST_MATH = YES;
				ONLY_ACTIVE_ARCH = YES;
				SDKROOT = iphoneos;
				SWIFT_ACTIVE_COMPILATION_CONDITIONS = DEBUG;
				SWIFT_OPTIMIZATION_LEVEL = "-Onone";
			};
			name = Debug;
		};
		A63DE5542B28297F0091A09D /* Release */ = {
			isa = XCBuildConfiguration;
			buildSettings = {
				ALWAYS_SEARCH_USER_PATHS = NO;
				CLANG_ANALYZER_NONNULL = YES;
				CLANG_ANALYZER_NUMBER_OBJECT_CONVERSION = YES_AGGRESSIVE;
				CLANG_CXX_LANGUAGE_STANDARD = "gnu++20";
				CLANG_ENABLE_MODULES = YES;
				CLANG_ENABLE_OBJC_ARC = YES;
				CLANG_ENABLE_OBJC_WEAK = YES;
				CLANG_WARN_BLOCK_CAPTURE_AUTORELEASING = YES;
				CLANG_WARN_BOOL_CONVERSION = YES;
				CLANG_WARN_COMMA = YES;
				CLANG_WARN_CONSTANT_CONVERSION = YES;
				CLANG_WARN_DEPRECATED_OBJC_IMPLEMENTATIONS = YES;
				CLANG_WARN_DIRECT_OBJC_ISA_USAGE = YES_ERROR;
				CLANG_WARN_DOCUMENTATION_COMMENTS = YES;
				CLANG_WARN_EMPTY_BODY = YES;
				CLANG_WARN_ENUM_CONVERSION = YES;
				CLANG_WARN_INFINITE_RECURSION = YES;
				CLANG_WARN_INT_CONVERSION = YES;
				CLANG_WARN_NON_LITERAL_NULL_CONVERSION = YES;
				CLANG_WARN_OBJC_IMPLICIT_RETAIN_SELF = YES;
				CLANG_WARN_OBJC_LITERAL_CONVERSION = YES;
				CLANG_WARN_OBJC_ROOT_CLASS = YES_ERROR;
				CLANG_WARN_QUOTED_INCLUDE_IN_FRAMEWORK_HEADER = YES;
				CLANG_WARN_RANGE_LOOP_ANALYSIS = YES;
				CLANG_WARN_STRICT_PROTOTYPES = YES;
				CLANG_WARN_SUSPICIOUS_MOVE = YES;
				CLANG_WARN_UNGUARDED_AVAILABILITY = YES_AGGRESSIVE;
				CLANG_WARN_UNREACHABLE_CODE = YES;
				CLANG_WARN__DUPLICATE_METHOD_MATCH = YES;
				COPY_PHASE_STRIP = NO;
				DEBUG_INFORMATION_FORMAT = "dwarf-with-dsym";
				ENABLE_NS_ASSERTIONS = NO;
				ENABLE_STRICT_OBJC_MSGSEND = YES;
				GCC_C_LANGUAGE_STANDARD = gnu11;
				GCC_NO_COMMON_BLOCKS = YES;
				GCC_WARN_64_TO_32_BIT_CONVERSION = YES;
				GCC_WARN_ABOUT_RETURN_TYPE = YES_ERROR;
				GCC_WARN_UNDECLARED_SELECTOR = YES;
				GCC_WARN_UNINITIALIZED_AUTOS = YES_AGGRESSIVE;
				GCC_WARN_UNUSED_FUNCTION = YES;
				GCC_WARN_UNUSED_VARIABLE = YES;
				IPHONEOS_DEPLOYMENT_TARGET = 16.4;
				MTL_ENABLE_DEBUG_INFO = NO;
				MTL_FAST_MATH = YES;
				SDKROOT = iphoneos;
				SWIFT_COMPILATION_MODE = wholemodule;
				SWIFT_OPTIMIZATION_LEVEL = "-O";
				VALIDATE_PRODUCT = YES;
			};
			name = Release;
		};
		A63DE5562B28297F0091A09D /* Debug */ = {
			isa = XCBuildConfiguration;
			buildSettings = {
				ASSETCATALOG_COMPILER_APPICON_NAME = AppIcon;
				ASSETCATALOG_COMPILER_GLOBAL_ACCENT_COLOR_NAME = AccentColor;
				CODE_SIGN_STYLE = Automatic;
				CURRENT_PROJECT_VERSION = 1;
				DEVELOPMENT_TEAM = 2KQ3Z34T9G;
				GENERATE_INFOPLIST_FILE = YES;
				INFOPLIST_FILE = Yash.K/Info.plist;
				INFOPLIST_KEY_UIApplicationSupportsIndirectInputEvents = YES;
				INFOPLIST_KEY_UILaunchStoryboardName = LaunchScreen;
				INFOPLIST_KEY_UIMainStoryboardFile = Main;
				INFOPLIST_KEY_UISupportedInterfaceOrientations_iPad = "UIInterfaceOrientationPortrait UIInterfaceOrientationPortraitUpsideDown UIInterfaceOrientationLandscapeLeft UIInterfaceOrientationLandscapeRight";
				INFOPLIST_KEY_UISupportedInterfaceOrientations_iPhone = "UIInterfaceOrientationPortrait UIInterfaceOrientationLandscapeLeft UIInterfaceOrientationLandscapeRight";
				LD_RUNPATH_SEARCH_PATHS = (
					"$(inherited)",
					"@executable_path/Frameworks",
				);
				MARKETING_VERSION = 1.0;
				PRODUCT_BUNDLE_IDENTIFIER = "com.-Twitter.Yash-K";
				PRODUCT_NAME = "$(TARGET_NAME)";
				SWIFT_EMIT_LOC_STRINGS = YES;
				SWIFT_VERSION = 5.0;
				TARGETED_DEVICE_FAMILY = "1,2";
			};
			name = Debug;
		};
		A63DE5572B28297F0091A09D /* Release */ = {
			isa = XCBuildConfiguration;
			buildSettings = {
				ASSETCATALOG_COMPILER_APPICON_NAME = AppIcon;
				ASSETCATALOG_COMPILER_GLOBAL_ACCENT_COLOR_NAME = AccentColor;
				CODE_SIGN_STYLE = Automatic;
				CURRENT_PROJECT_VERSION = 1;
				DEVELOPMENT_TEAM = 2KQ3Z34T9G;
				GENERATE_INFOPLIST_FILE = YES;
				INFOPLIST_FILE = Yash.K/Info.plist;
				INFOPLIST_KEY_UIApplicationSupportsIndirectInputEvents = YES;
				INFOPLIST_KEY_UILaunchStoryboardName = LaunchScreen;
				INFOPLIST_KEY_UIMainStoryboardFile = Main;
				INFOPLIST_KEY_UISupportedInterfaceOrientations_iPad = "UIInterfaceOrientationPortrait UIInterfaceOrientationPortraitUpsideDown UIInterfaceOrientationLandscapeLeft UIInterfaceOrientationLandscapeRight";
				INFOPLIST_KEY_UISupportedInterfaceOrientations_iPhone = "UIInterfaceOrientationPortrait UIInterfaceOrientationLandscapeLeft UIInterfaceOrientationLandscapeRight";
				LD_RUNPATH_SEARCH_PATHS = (
					"$(inherited)",
					"@executable_path/Frameworks",
				);
				MARKETING_VERSION = 1.0;
				PRODUCT_BUNDLE_IDENTIFIER = "com.-Twitter.Yash-K";
				PRODUCT_NAME = "$(TARGET_NAME)";
				SWIFT_EMIT_LOC_STRINGS = YES;
				SWIFT_VERSION = 5.0;
				TARGETED_DEVICE_FAMILY = "1,2";
			};
			name = Release;
		};
/* End XCBuildConfiguration section */

/* Begin XCConfigurationList section */
		A63DE53C2B28297F0091A09D /* Build configuration list for PBXProject "Yash.K" */ = {
			isa = XCConfigurationList;
			buildConfigurations = (
				A63DE5532B28297F0091A09D /* Debug */,
				A63DE5542B28297F0091A09D /* Release */,
			);
			defaultConfigurationIsVisible = 0;
			defaultConfigurationName = Release;
		};
		A63DE5552B28297F0091A09D /* Build configuration list for PBXNativeTarget "Yash.K" */ = {
			isa = XCConfigurationList;
			buildConfigurations = (
				A63DE5562B28297F0091A09D /* Debug */,
				A63DE5572B28297F0091A09D /* Release */,
			);
			defaultConfigurationIsVisible = 0;
			defaultConfigurationName = Release;
		};
/* End XCConfigurationList section */
	};
	rootObject = A63DE5392B28297F0091A09D /* Project object */;
}
